// !$*UTF8*$!
{
	archiveVersion = 1;
	classes = {
	};
	objectVersion = 46;
	objects = {

/* Begin PBXBuildFile section */
		630C3B0B1B5125FA00E6878A /* AppDelegate.swift in Sources */ = {isa = PBXBuildFile; fileRef = 630C3B0A1B5125FA00E6878A /* AppDelegate.swift */; };
		630C3B0D1B5125FA00E6878A /* GameScene.sks in Resources */ = {isa = PBXBuildFile; fileRef = 630C3B0C1B5125FA00E6878A /* GameScene.sks */; };
		630C3B0F1B5125FA00E6878A /* GameScene.swift in Sources */ = {isa = PBXBuildFile; fileRef = 630C3B0E1B5125FA00E6878A /* GameScene.swift */; };
		630C3B111B5125FA00E6878A /* GameViewController.swift in Sources */ = {isa = PBXBuildFile; fileRef = 630C3B101B5125FA00E6878A /* GameViewController.swift */; };
		630C3B141B5125FA00E6878A /* Main.storyboard in Resources */ = {isa = PBXBuildFile; fileRef = 630C3B121B5125FA00E6878A /* Main.storyboard */; };
		630C3B161B5125FA00E6878A /* Images.xcassets in Resources */ = {isa = PBXBuildFile; fileRef = 630C3B151B5125FA00E6878A /* Images.xcassets */; };
		630C3B191B5125FA00E6878A /* LaunchScreen.xib in Resources */ = {isa = PBXBuildFile; fileRef = 630C3B171B5125FA00E6878A /* LaunchScreen.xib */; };
		630C3B251B5125FA00E6878A /* gameFlappyTests.swift in Sources */ = {isa = PBXBuildFile; fileRef = 630C3B241B5125FA00E6878A /* gameFlappyTests.swift */; };
/* End PBXBuildFile section */

/* Begin PBXContainerItemProxy section */
		630C3B1F1B5125FA00E6878A /* PBXContainerItemProxy */ = {
			isa = PBXContainerItemProxy;
			containerPortal = 630C3AFD1B5125FA00E6878A /* Project object */;
			proxyType = 1;
			remoteGlobalIDString = 630C3B041B5125FA00E6878A;
			remoteInfo = gameFlappy;
		};
/* End PBXContainerItemProxy section */

/* Begin PBXFileReference section */
		630C3B051B5125FA00E6878A /* gameFlappy.app */ = {isa = PBXFileReference; explicitFileType = wrapper.application; includeInIndex = 0; path = gameFlappy.app; sourceTree = BUILT_PRODUCTS_DIR; };
		630C3B091B5125FA00E6878A /* Info.plist */ = {isa = PBXFileReference; lastKnownFileType = text.plist.xml; path = Info.plist; sourceTree = "<group>"; };
		630C3B0A1B5125FA00E6878A /* AppDelegate.swift */ = {isa = PBXFileReference; lastKnownFileType = sourcecode.swift; path = AppDelegate.swift; sourceTree = "<group>"; };
		630C3B0C1B5125FA00E6878A /* GameScene.sks */ = {isa = PBXFileReference; lastKnownFileType = file.sks; path = GameScene.sks; sourceTree = "<group>"; };
		630C3B0E1B5125FA00E6878A /* GameScene.swift */ = {isa = PBXFileReference; lastKnownFileType = sourcecode.swift; path = GameScene.swift; sourceTree = "<group>"; };
		630C3B101B5125FA00E6878A /* GameViewController.swift */ = {isa = PBXFileReference; lastKnownFileType = sourcecode.swift; path = GameViewController.swift; sourceTree = "<group>"; };
		630C3B131B5125FA00E6878A /* Base */ = {isa = PBXFileReference; lastKnownFileType = file.storyboard; name = Base; path = Base.lproj/Main.storyboard; sourceTree = "<group>"; };
		630C3B151B5125FA00E6878A /* Images.xcassets */ = {isa = PBXFileReference; lastKnownFileType = folder.assetcatalog; path = Images.xcassets; sourceTree = "<group>"; };
		630C3B181B5125FA00E6878A /* Base */ = {isa = PBXFileReference; lastKnownFileType = file.xib; name = Base; path = Base.lproj/LaunchScreen.xib; sourceTree = "<group>"; };
		630C3B1E1B5125FA00E6878A /* gameFlappyTests.xctest */ = {isa = PBXFileReference; explicitFileType = wrapper.cfbundle; includeInIndex = 0; path = gameFlappyTests.xctest; sourceTree = BUILT_PRODUCTS_DIR; };
		630C3B231B5125FA00E6878A /* Info.plist */ = {isa = PBXFileReference; lastKnownFileType = text.plist.xml; path = Info.plist; sourceTree = "<group>"; };
		630C3B241B5125FA00E6878A /* gameFlappyTests.swift */ = {isa = PBXFileReference; lastKnownFileType = sourcecode.swift; path = gameFlappyTests.swift; sourceTree = "<group>"; };
/* End PBXFileReference section */

/* Begin PBXFrameworksBuildPhase section */
		630C3B021B5125FA00E6878A /* Frameworks */ = {
			isa = PBXFrameworksBuildPhase;
			buildActionMask = 2147483647;
			files = (
			);
			runOnlyForDeploymentPostprocessing = 0;
		};
		630C3B1B1B5125FA00E6878A /* Frameworks */ = {
			isa = PBXFrameworksBuildPhase;
			buildActionMask = 2147483647;
			files = (
			);
			runOnlyForDeploymentPostprocessing = 0;
		};
/* End PBXFrameworksBuildPhase section */

/* Begin PBXGroup section */
		630C3AFC1B5125FA00E6878A = {
			isa = PBXGroup;
			children = (
				630C3B071B5125FA00E6878A /* gameFlappy */,
				630C3B211B5125FA00E6878A /* gameFlappyTests */,
				630C3B061B5125FA00E6878A /* Products */,
			);
			sourceTree = "<group>";
		};
		630C3B061B5125FA00E6878A /* Products */ = {
			isa = PBXGroup;
			children = (
				630C3B051B5125FA00E6878A /* gameFlappy.app */,
				630C3B1E1B5125FA00E6878A /* gameFlappyTests.xctest */,
			);
			name = Products;
			sourceTree = "<group>";
		};
		630C3B071B5125FA00E6878A /* gameFlappy */ = {
			isa = PBXGroup;
			children = (
				630C3B0A1B5125FA00E6878A /* AppDelegate.swift */,
				630C3B0C1B5125FA00E6878A /* GameScene.sks */,
				630C3B0E1B5125FA00E6878A /* GameScene.swift */,
				630C3B101B5125FA00E6878A /* GameViewController.swift */,
				630C3B121B5125FA00E6878A /* Main.storyboard */,
				630C3B151B5125FA00E6878A /* Images.xcassets */,
				630C3B171B5125FA00E6878A /* LaunchScreen.xib */,
				630C3B081B5125FA00E6878A /* Supporting Files */,
			);
			path = gameFlappy;
			sourceTree = "<group>";
		};
		630C3B081B5125FA00E6878A /* Supporting Files */ = {
			isa = PBXGroup;
			children = (
				630C3B091B5125FA00E6878A /* Info.plist */,
			);
			name = "Supporting Files";
			sourceTree = "<group>";
		};
		630C3B211B5125FA00E6878A /* gameFlappyTests */ = {
			isa = PBXGroup;
			children = (
				630C3B241B5125FA00E6878A /* gameFlappyTests.swift */,
				630C3B221B5125FA00E6878A /* Supporting Files */,
			);
			path = gameFlappyTests;
			sourceTree = "<group>";
		};
		630C3B221B5125FA00E6878A /* Supporting Files */ = {
			isa = PBXGroup;
			children = (
				630C3B231B5125FA00E6878A /* Info.plist */,
			);
			name = "Supporting Files";
			sourceTree = "<group>";
		};
/* End PBXGroup section */

/* Begin PBXNativeTarget section */
		630C3B041B5125FA00E6878A /* gameFlappy */ = {
			isa = PBXNativeTarget;
			buildConfigurationList = 630C3B281B5125FA00E6878A /* Build configuration list for PBXNativeTarget "gameFlappy" */;
			buildPhases = (
				630C3B011B5125FA00E6878A /* Sources */,
				630C3B021B5125FA00E6878A /* Frameworks */,
				630C3B031B5125FA00E6878A /* Resources */,
			);
			buildRules = (
			);
			dependencies = (
			);
			name = gameFlappy;
			productName = gameFlappy;
			productReference = 630C3B051B5125FA00E6878A /* gameFlappy.app */;
			productType = "com.apple.product-type.application";
		};
		630C3B1D1B5125FA00E6878A /* gameFlappyTests */ = {
			isa = PBXNativeTarget;
			buildConfigurationList = 630C3B2B1B5125FA00E6878A /* Build configuration list for PBXNativeTarget "gameFlappyTests" */;
			buildPhases = (
				630C3B1A1B5125FA00E6878A /* Sources */,
				630C3B1B1B5125FA00E6878A /* Frameworks */,
				630C3B1C1B5125FA00E6878A /* Resources */,
			);
			buildRules = (
			);
			dependencies = (
				630C3B201B5125FA00E6878A /* PBXTargetDependency */,
			);
			name = gameFlappyTests;
			productName = gameFlappyTests;
			productReference = 630C3B1E1B5125FA00E6878A /* gameFlappyTests.xctest */;
			productType = "com.apple.product-type.bundle.unit-test";
		};
/* End PBXNativeTarget section */

/* Begin PBXProject section */
		630C3AFD1B5125FA00E6878A /* Project object */ = {
			isa = PBXProject;
			attributes = {
				LastUpgradeCheck = 0640;
				ORGANIZATIONNAME = "Pankaj Bhardwaj";
				TargetAttributes = {
					630C3B041B5125FA00E6878A = {
						CreatedOnToolsVersion = 6.4;
					};
					630C3B1D1B5125FA00E6878A = {
						CreatedOnToolsVersion = 6.4;
						TestTargetID = 630C3B041B5125FA00E6878A;
					};
				};
			};
			buildConfigurationList = 630C3B001B5125FA00E6878A /* Build configuration list for PBXProject "gameFlappy" */;
			compatibilityVersion = "Xcode 3.2";
			developmentRegion = English;
			hasScannedForEncodings = 0;
			knownRegions = (
				en,
				Base,
			);
			mainGroup = 630C3AFC1B5125FA00E6878A;
			productRefGroup = 630C3B061B5125FA00E6878A /* Products */;
			projectDirPath = "";
			projectRoot = "";
			targets = (
				630C3B041B5125FA00E6878A /* gameFlappy */,
				630C3B1D1B5125FA00E6878A /* gameFlappyTests */,
			);
		};
/* End PBXProject section */

/* Begin PBXResourcesBuildPhase section */
		630C3B031B5125FA00E6878A /* Resources */ = {
			isa = PBXResourcesBuildPhase;
			buildActionMask = 2147483647;
			files = (
				630C3B191B5125FA00E6878A /* LaunchScreen.xib in Resources */,
				630C3B161B5125FA00E6878A /* Images.xcassets in Resources */,
				630C3B0D1B5125FA00E6878A /* GameScene.sks in Resources */,
				630C3B141B5125FA00E6878A /* Main.storyboard in Resources */,
			);
			runOnlyForDeploymentPostprocessing = 0;
		};
		630C3B1C1B5125FA00E6878A /* Resources */ = {
			isa = PBXResourcesBuildPhase;
			buildActionMask = 2147483647;
			files = (
			);
			runOnlyForDeploymentPostprocessing = 0;
		};
/* End PBXResourcesBuildPhase section */

/* Begin PBXSourcesBuildPhase section */
		630C3B011B5125FA00E6878A /* Sources */ = {
			isa = PBXSourcesBuildPhase;
			buildActionMask = 2147483647;
			files = (
				630C3B0F1B5125FA00E6878A /* GameScene.swift in Sources */,
				630C3B111B5125FA00E6878A /* GameViewController.swift in Sources */,
				630C3B0B1B5125FA00E6878A /* AppDelegate.swift in Sources */,
			);
			runOnlyForDeploymentPostprocessing = 0;
		};
		630C3B1A1B5125FA00E6878A /* Sources */ = {
			isa = PBXSourcesBuildPhase;
			buildActionMask = 2147483647;
			files = (
				630C3B251B5125FA00E6878A /* gameFlappyTests.swift in Sources */,
			);
			runOnlyForDeploymentPostprocessing = 0;
		};
/* End PBXSourcesBuildPhase section */

/* Begin PBXTargetDependency section */
		630C3B201B5125FA00E6878A /* PBXTargetDependency */ = {
			isa = PBXTargetDependency;
			target = 630C3B041B5125FA00E6878A /* gameFlappy */;
			targetProxy = 630C3B1F1B5125FA00E6878A /* PBXContainerItemProxy */;
		};
/* End PBXTargetDependency section */

/* Begin PBXVariantGroup section */
		630C3B121B5125FA00E6878A /* Main.storyboard */ = {
			isa = PBXVariantGroup;
			children = (
				630C3B131B5125FA00E6878A /* Base */,
			);
			name = Main.storyboard;
			sourceTree = "<group>";
		};
		630C3B171B5125FA00E6878A /* LaunchScreen.xib */ = {
			isa = PBXVariantGroup;
			children = (
				630C3B181B5125FA00E6878A /* Base */,
			);
			name = LaunchScreen.xib;
			sourceTree = "<group>";
		};
/* End PBXVariantGroup section */

/* Begin XCBuildConfiguration section */
		630C3B261B5125FA00E6878A /* Debug */ = {
			isa = XCBuildConfiguration;
			buildSettings = {
				ALWAYS_SEARCH_USER_PATHS = NO;
				CLANG_CXX_LANGUAGE_STANDARD = "gnu++0x";
				CLANG_CXX_LIBRARY = "libc++";
				CLANG_ENABLE_MODULES = YES;
				CLANG_ENABLE_OBJC_ARC = YES;
				CLANG_WARN_BOOL_CONVERSION = YES;
				CLANG_WARN_CONSTANT_CONVERSION = YES;
				CLANG_WARN_DIRECT_OBJC_ISA_USAGE = YES_ERROR;
				CLANG_WARN_EMPTY_BODY = YES;
				CLANG_WARN_ENUM_CONVERSION = YES;
				CLANG_WARN_INT_CONVERSION = YES;
				CLANG_WARN_OBJC_ROOT_CLASS = YES_ERROR;
				CLANG_WARN_UNREACHABLE_CODE = YES;
				CLANG_WARN__DUPLICATE_METHOD_MATCH = YES;
				"CODE_SIGN_IDENTITY[sdk=iphoneos*]" = "iPhone Developer";
				COPY_PHASE_STRIP = NO;
				DEBUG_INFORMATION_FORMAT = "dwarf-with-dsym";
				ENABLE_STRICT_OBJC_MSGSEND = YES;
				GCC_C_LANGUAGE_STANDARD = gnu99;
				GCC_DYNAMIC_NO_PIC = NO;
				GCC_NO_COMMON_BLOCKS = YES;
				GCC_OPTIMIZATION_LEVEL = 0;
				GCC_PREPROCESSOR_DEFINITIONS = (
					"DEBUG=1",
					"$(inherited)",
				);
				GCC_SYMBOLS_PRIVATE_EXTERN = NO;
				GCC_WARN_64_TO_32_BIT_CONVERSION = YES;
				GCC_WARN_ABOUT_RETURN_TYPE = YES_ERROR;
				GCC_WARN_UNDECLARED_SELECTOR = YES;
				GCC_WARN_UNINITIALIZED_AUTOS = YES_AGGRESSIVE;
				GCC_WARN_UNUSED_FUNCTION = YES;
				GCC_WARN_UNUSED_VARIABLE = YES;
				IPHONEOS_DEPLOYMENT_TARGET = 8.4;
				MTL_ENABLE_DEBUG_INFO = YES;
				ONLY_ACTIVE_ARCH = YES;
				SDKROOT = iphoneos;
				SWIFT_OPTIMIZATION_LEVEL = "-Onone";
			};
			name = Debug;
		};
		630C3B271B5125FA00E6878A /* Release */ = {
			isa = XCBuildConfiguration;
			buildSettings = {
				ALWAYS_SEARCH_USER_PATHS = NO;
				CLANG_CXX_LANGUAGE_STANDARD = "gnu++0x";
				CLANG_CXX_LIBRARY = "libc++";
				CLANG_ENABLE_MODULES = YES;
				CLANG_ENABLE_OBJC_ARC = YES;
				CLANG_WARN_BOOL_CONVERSION = YES;
				CLANG_WARN_CONSTANT_CONVERSION = YES;
				CLANG_WARN_DIRECT_OBJC_ISA_USAGE = YES_ERROR;
				CLANG_WARN_EMPTY_BODY = YES;
				CLANG_WARN_ENUM_CONVERSION = YES;
				CLANG_WARN_INT_CONVERSION = YES;
				CLANG_WARN_OBJC_ROOT_CLASS = YES_ERROR;
				CLANG_WARN_UNREACHABLE_CODE = YES;
				CLANG_WARN__DUPLICATE_METHOD_MATCH = YES;
				"CODE_SIGN_IDENTITY[sdk=iphoneos*]" = "iPhone Developer";
				COPY_PHASE_STRIP = NO;
				DEBUG_INFORMATION_FORMAT = "dwarf-with-dsym";
				ENABLE_NS_ASSERTIONS = NO;
				ENABLE_STRICT_OBJC_MSGSEND = YES;
				GCC_C_LANGUAGE_STANDARD = gnu99;
				GCC_NO_COMMON_BLOCKS = YES;
				GCC_WARN_64_TO_32_BIT_CONVERSION = YES;
				GCC_WARN_ABOUT_RETURN_TYPE = YES_ERROR;
				GCC_WARN_UNDECLARED_SELECTOR = YES;
				GCC_WARN_UNINITIALIZED_AUTOS = YES_AGGRESSIVE;
				GCC_WARN_UNUSED_FUNCTION = YES;
				GCC_WARN_UNUSED_VARIABLE = YES;
				IPHONEOS_DEPLOYMENT_TARGET = 8.4;
				MTL_ENABLE_DEBUG_INFO = NO;
				SDKROOT = iphoneos;
				VALIDATE_PRODUCT = YES;
			};
			name = Release;
		};
		630C3B291B5125FA00E6878A /* Debug */ = {
			isa = XCBuildConfiguration;
			buildSettings = {
				ASSETCATALOG_COMPILER_APPICON_NAME = AppIcon;
				INFOPLIST_FILE = gameFlappy/Info.plist;
				LD_RUNPATH_SEARCH_PATHS = "$(inherited) @executable_path/Frameworks";
				PRODUCT_NAME = "$(TARGET_NAME)";
			};
			name = Debug;
		};
		630C3B2A1B5125FA00E6878A /* Release */ = {
			isa = XCBuildConfiguration;
			buildSettings = {
				ASSETCATALOG_COMPILER_APPICON_NAME = AppIcon;
				INFOPLIST_FILE = gameFlappy/Info.plist;
				LD_RUNPATH_SEARCH_PATHS = "$(inherited) @executable_path/Frameworks";
				PRODUCT_NAME = "$(TARGET_NAME)";
			};
			name = Release;
		};
		630C3B2C1B5125FA00E6878A /* Debug */ = {
			isa = XCBuildConfiguration;
			buildSettings = {
				BUNDLE_LOADER = "$(TEST_HOST)";
				FRAMEWORK_SEARCH_PATHS = (
					"$(SDKROOT)/Developer/Library/Frameworks",
					"$(inherited)",
				);
				GCC_PREPROCESSOR_DEFINITIONS = (
					"DEBUG=1",
					"$(inherited)",
				);
				INFOPLIST_FILE = gameFlappyTests/Info.plist;
				LD_RUNPATH_SEARCH_PATHS = "$(inherited) @executable_path/Frameworks @loader_path/Frameworks";
				PRODUCT_NAME = "$(TARGET_NAME)";
				TEST_HOST = "$(BUILT_PRODUCTS_DIR)/gameFlappy.app/gameFlappy";
			};
			name = Debug;
		};
		630C3B2D1B5125FA00E6878A /* Release */ = {
			isa = XCBuildConfiguration;
			buildSettings = {
				BUNDLE_LOADER = "$(TEST_HOST)";
				FRAMEWORK_SEARCH_PATHS = (
					"$(SDKROOT)/Developer/Library/Frameworks",
					"$(inherited)",
				);
				INFOPLIST_FILE = gameFlappyTests/Info.plist;
				LD_RUNPATH_SEARCH_PATHS = "$(inherited) @executable_path/Frameworks @loader_path/Frameworks";
				PRODUCT_NAME = "$(TARGET_NAME)";
				TEST_HOST = "$(BUILT_PRODUCTS_DIR)/gameFlappy.app/gameFlappy";
			};
			name = Release;
		};
/* End XCBuildConfiguration section */

/* Begin XCConfigurationList section */
		630C3B001B5125FA00E6878A /* Build configuration list for PBXProject "gameFlappy" */ = {
			isa = XCConfigurationList;
			buildConfigurations = (
				630C3B261B5125FA00E6878A /* Debug */,
				630C3B271B5125FA00E6878A /* Release */,
			);
			defaultConfigurationIsVisible = 0;
			defaultConfigurationName = Release;
		};
		630C3B281B5125FA00E6878A /* Build configuration list for PBXNativeTarget "gameFlappy" */ = {
			isa = XCConfigurationList;
			buildConfigurations = (
				630C3B291B5125FA00E6878A /* Debug */,
				630C3B2A1B5125FA00E6878A /* Release */,
			);
			defaultConfigurationIsVisible = 0;
		};
		630C3B2B1B5125FA00E6878A /* Build configuration list for PBXNativeTarget "gameFlappyTests" */ = {
			isa = XCConfigurationList;
			buildConfigurations = (
				630C3B2C1B5125FA00E6878A /* Debug */,
				630C3B2D1B5125FA00E6878A /* Release */,
			);
			defaultConfigurationIsVisible = 0;
		};
/* End XCConfigurationList section */
	};
	rootObject = 630C3AFD1B5125FA00E6878A /* Project object */;
}
